
Microsoft Visual Studio Solution File, Format Version 12.00
# Visual Studio 15
VisualStudioVersion = 15.0.28307.1062
MinimumVisualStudioVersion = 10.0.40219.1
Project("{FAE04EC0-301F-11D3-BF4B-00C04F79EFBC}") = "Pang", "Pang\Pang.csproj", "{C32A20A0-C52A-4D5E-8430-2A3B87F82C1D}"
EndProject
Global
	GlobalSection(SolutionConfigurationPlatforms) = preSolution
		Debug|Any CPU = Debug|Any CPU
		Release|Any CPU = Release|Any CPU
	EndGlobalSection
	GlobalSection(ProjectConfigurationPlatforms) = postSolution
		{C32A20A0-C52A-4D5E-8430-2A3B87F82C1D}.Debug|Any CPU.ActiveCfg = Debug|Any CPU
		{C32A20A0-C52A-4D5E-8430-2A3B87F82C1D}.Debug|Any CPU.Build.0 = Debug|Any CPU
		{C32A20A0-C52A-4D5E-8430-2A3B87F82C1D}.Release|Any CPU.ActiveCfg = Release|Any CPU
		{C32A20A0-C52A-4D5E-8430-2A3B87F82C1D}.Release|Any CPU.Build.0 = Release|Any CPU
	EndGlobalSection
	GlobalSection(SolutionProperties) = preSolution
		HideSolutionNode = FALSE
	EndGlobalSection
	GlobalSection(ExtensibilityGlobals) = postSolution
		SolutionGuid = {18CBD580-11EA-4697-B982-3788D73D9642}
	EndGlobalSection
EndGlobal
